
Microsoft Visual Studio Solution File, Format Version 12.00
# Visual Studio Version 16
VisualStudioVersion = 16.0.32602.291
MinimumVisualStudioVersion = 10.0.40219.1
Project("{FAE04EC0-301F-11D3-BF4B-00C04F79EFBC}") = "certificationRegister", "certificationRegister.csproj", "{E6A4A993-36AB-4B2A-BFB5-BD5E4C5C443B}"
EndProject
Global
	GlobalSection(SolutionConfigurationPlatforms) = preSolution
		Debug|Any CPU = Debug|Any CPU
		Release|Any CPU = Release|Any CPU
	EndGlobalSection
	GlobalSection(ProjectConfigurationPlatforms) = postSolution
		{E6A4A993-36AB-4B2A-BFB5-BD5E4C5C443B}.Debug|Any CPU.ActiveCfg = Debug|Any CPU
		{E6A4A993-36AB-4B2A-BFB5-BD5E4C5C443B}.Debug|Any CPU.Build.0 = Debug|Any CPU
		{E6A4A993-36AB-4B2A-BFB5-BD5E4C5C443B}.Release|Any CPU.ActiveCfg = Release|Any CPU
		{E6A4A993-36AB-4B2A-BFB5-BD5E4C5C443B}.Release|Any CPU.Build.0 = Release|Any CPU
	EndGlobalSection
	GlobalSection(SolutionProperties) = preSolution
		HideSolutionNode = FALSE
	EndGlobalSection
	GlobalSection(ExtensibilityGlobals) = postSolution
		SolutionGuid = {3ED791A5-2946-4E10-9033-3CFC6770FC48}
	EndGlobalSection
EndGlobal
